
Microsoft Visual Studio Solution File, Format Version 12.00
# Visual Studio Version 17
VisualStudioVersion = 17.2.32630.192
MinimumVisualStudioVersion = 10.0.40219.1
Project("{FAE04EC0-301F-11D3-BF4B-00C04F79EFBC}") = "SonidosAnimales", "SonidosAnimales\SonidosAnimales.csproj", "{2C7D1707-FD4C-47C9-8932-02965170F866}"
EndProject
Project("{FAE04EC0-301F-11D3-BF4B-00C04F79EFBC}") = "TestProject1", "TestProject1\TestProject1.csproj", "{BF311385-4E06-45A7-8D55-B2D43BF19295}"
EndProject
Global
	GlobalSection(SolutionConfigurationPlatforms) = preSolution
		Debug|Any CPU = Debug|Any CPU
		Release|Any CPU = Release|Any CPU
	EndGlobalSection
	GlobalSection(ProjectConfigurationPlatforms) = postSolution
		{2C7D1707-FD4C-47C9-8932-02965170F866}.Debug|Any CPU.ActiveCfg = Debug|Any CPU
		{2C7D1707-FD4C-47C9-8932-02965170F866}.Debug|Any CPU.Build.0 = Debug|Any CPU
		{2C7D1707-FD4C-47C9-8932-02965170F866}.Release|Any CPU.ActiveCfg = Release|Any CPU
		{2C7D1707-FD4C-47C9-8932-02965170F866}.Release|Any CPU.Build.0 = Release|Any CPU
		{BF311385-4E06-45A7-8D55-B2D43BF19295}.Debug|Any CPU.ActiveCfg = Debug|Any CPU
		{BF311385-4E06-45A7-8D55-B2D43BF19295}.Debug|Any CPU.Build.0 = Debug|Any CPU
		{BF311385-4E06-45A7-8D55-B2D43BF19295}.Release|Any CPU.ActiveCfg = Release|Any CPU
		{BF311385-4E06-45A7-8D55-B2D43BF19295}.Release|Any CPU.Build.0 = Release|Any CPU
	EndGlobalSection
	GlobalSection(SolutionProperties) = preSolution
		HideSolutionNode = FALSE
	EndGlobalSection
	GlobalSection(ExtensibilityGlobals) = postSolution
		SolutionGuid = {331209BD-5E6B-473A-BD62-5AECDDAE151E}
	EndGlobalSection
EndGlobal
